
Microsoft Visual Studio Solution File, Format Version 12.00
# Visual Studio Version 16
VisualStudioVersion = 16.0.31112.23
MinimumVisualStudioVersion = 10.0.40219.1
Project("{FAE04EC0-301F-11D3-BF4B-00C04F79EFBC}") = "WindowsForms3", "WindowsForms3.csproj", "{6A91CBAB-79BB-414D-83E2-575914C4D4A8}"
EndProject
Global
	GlobalSection(SolutionConfigurationPlatforms) = preSolution
		Debug|Any CPU = Debug|Any CPU
		Release|Any CPU = Release|Any CPU
	EndGlobalSection
	GlobalSection(ProjectConfigurationPlatforms) = postSolution
		{6A91CBAB-79BB-414D-83E2-575914C4D4A8}.Debug|Any CPU.ActiveCfg = Debug|Any CPU
		{6A91CBAB-79BB-414D-83E2-575914C4D4A8}.Debug|Any CPU.Build.0 = Debug|Any CPU
		{6A91CBAB-79BB-414D-83E2-575914C4D4A8}.Release|Any CPU.ActiveCfg = Release|Any CPU
		{6A91CBAB-79BB-414D-83E2-575914C4D4A8}.Release|Any CPU.Build.0 = Release|Any CPU
	EndGlobalSection
	GlobalSection(SolutionProperties) = preSolution
		HideSolutionNode = FALSE
	EndGlobalSection
	GlobalSection(ExtensibilityGlobals) = postSolution
		SolutionGuid = {D52EBFEA-8D29-40CF-B3C2-C9110583767B}
	EndGlobalSection
EndGlobal
